// !$*UTF8*$!
{
	archiveVersion = 1;
	classes = {
	};
	objectVersion = 46;
	objects = {

/* Begin PBXBuildFile section */
		3C41E9291BB01DA900050E8E /* main.m in Sources */ = {isa = PBXBuildFile; fileRef = 3C41E9281BB01DA900050E8E /* main.m */; };
		3C41E92C1BB01DA900050E8E /* AppDelegate.m in Sources */ = {isa = PBXBuildFile; fileRef = 3C41E92B1BB01DA900050E8E /* AppDelegate.m */; };
		3C41E9341BB01DA900050E8E /* Assets.xcassets in Resources */ = {isa = PBXBuildFile; fileRef = 3C41E9331BB01DA900050E8E /* Assets.xcassets */; };
		3C41E9371BB01DA900050E8E /* LaunchScreen.storyboard in Resources */ = {isa = PBXBuildFile; fileRef = 3C41E9351BB01DA900050E8E /* LaunchScreen.storyboard */; };
		3C41E9431BB01F9100050E8E /* LPMainViewController.m in Sources */ = {isa = PBXBuildFile; fileRef = 3C41E9421BB01F9100050E8E /* LPMainViewController.m */; settings = {ASSET_TAGS = (); }; };
		3C41E9461BB01FCC00050E8E /* LPListViewController.m in Sources */ = {isa = PBXBuildFile; fileRef = 3C41E9451BB01FCC00050E8E /* LPListViewController.m */; settings = {ASSET_TAGS = (); }; };
		3C41E94B1BB021FD00050E8E /* LPMenuBtn.m in Sources */ = {isa = PBXBuildFile; fileRef = 3C41E9481BB021FD00050E8E /* LPMenuBtn.m */; settings = {ASSET_TAGS = (); }; };
		3C41E94C1BB021FD00050E8E /* LPMenuView.m in Sources */ = {isa = PBXBuildFile; fileRef = 3C41E94A1BB021FD00050E8E /* LPMenuView.m */; settings = {ASSET_TAGS = (); }; };
		3C41E9511BB022BF00050E8E /* NSString+Extension.m in Sources */ = {isa = PBXBuildFile; fileRef = 3C41E94E1BB022BF00050E8E /* NSString+Extension.m */; settings = {ASSET_TAGS = (); }; };
		3C41E9521BB022BF00050E8E /* UIView+Extension.m in Sources */ = {isa = PBXBuildFile; fileRef = 3C41E9501BB022BF00050E8E /* UIView+Extension.m */; settings = {ASSET_TAGS = (); }; };
/* End PBXBuildFile section */

/* Begin PBXFileReference section */
		3C41E9241BB01DA900050E8E /* LPScrollView.app */ = {isa = PBXFileReference; explicitFileType = wrapper.application; includeInIndex = 0; path = LPScrollView.app; sourceTree = BUILT_PRODUCTS_DIR; };
		3C41E9281BB01DA900050E8E /* main.m */ = {isa = PBXFileReference; lastKnownFileType = sourcecode.c.objc; path = main.m; sourceTree = "<group>"; };
		3C41E92A1BB01DA900050E8E /* AppDelegate.h */ = {isa = PBXFileReference; lastKnownFileType = sourcecode.c.h; path = AppDelegate.h; sourceTree = "<group>"; };
		3C41E92B1BB01DA900050E8E /* AppDelegate.m */ = {isa = PBXFileReference; lastKnownFileType = sourcecode.c.objc; path = AppDelegate.m; sourceTree = "<group>"; };
		3C41E9331BB01DA900050E8E /* Assets.xcassets */ = {isa = PBXFileReference; lastKnownFileType = folder.assetcatalog; path = Assets.xcassets; sourceTree = "<group>"; };
		3C41E9361BB01DA900050E8E /* Base */ = {isa = PBXFileReference; lastKnownFileType = file.storyboard; name = Base; path = Base.lproj/LaunchScreen.storyboard; sourceTree = "<group>"; };
		3C41E9381BB01DA900050E8E /* Info.plist */ = {isa = PBXFileReference; lastKnownFileType = text.plist.xml; path = Info.plist; sourceTree = "<group>"; };
		3C41E9411BB01F9100050E8E /* LPMainViewController.h */ = {isa = PBXFileReference; fileEncoding = 4; lastKnownFileType = sourcecode.c.h; path = LPMainViewController.h; sourceTree = "<group>"; };
		3C41E9421BB01F9100050E8E /* LPMainViewController.m */ = {isa = PBXFileReference; fileEncoding = 4; lastKnownFileType = sourcecode.c.objc; path = LPMainViewController.m; sourceTree = "<group>"; };
		3C41E9441BB01FCC00050E8E /* LPListViewController.h */ = {isa = PBXFileReference; fileEncoding = 4; lastKnownFileType = sourcecode.c.h; path = LPListViewController.h; sourceTree = "<group>"; };
		3C41E9451BB01FCC00050E8E /* LPListViewController.m */ = {isa = PBXFileReference; fileEncoding = 4; lastKnownFileType = sourcecode.c.objc; path = LPListViewController.m; sourceTree = "<group>"; };
		3C41E9471BB021FD00050E8E /* LPMenuBtn.h */ = {isa = PBXFileReference; fileEncoding = 4; lastKnownFileType = sourcecode.c.h; path = LPMenuBtn.h; sourceTree = "<group>"; };
		3C41E9481BB021FD00050E8E /* LPMenuBtn.m */ = {isa = PBXFileReference; fileEncoding = 4; lastKnownFileType = sourcecode.c.objc; path = LPMenuBtn.m; sourceTree = "<group>"; };
		3C41E9491BB021FD00050E8E /* LPMenuView.h */ = {isa = PBXFileReference; fileEncoding = 4; lastKnownFileType = sourcecode.c.h; path = LPMenuView.h; sourceTree = "<group>"; };
		3C41E94A1BB021FD00050E8E /* LPMenuView.m */ = {isa = PBXFileReference; fileEncoding = 4; lastKnownFileType = sourcecode.c.objc; path = LPMenuView.m; sourceTree = "<group>"; };
		3C41E94D1BB022BF00050E8E /* NSString+Extension.h */ = {isa = PBXFileReference; fileEncoding = 4; lastKnownFileType = sourcecode.c.h; path = "NSString+Extension.h"; sourceTree = "<group>"; };
		3C41E94E1BB022BF00050E8E /* NSString+Extension.m */ = {isa = PBXFileReference; fileEncoding = 4; lastKnownFileType = sourcecode.c.objc; path = "NSString+Extension.m"; sourceTree = "<group>"; };
		3C41E94F1BB022BF00050E8E /* UIView+Extension.h */ = {isa = PBXFileReference; fileEncoding = 4; lastKnownFileType = sourcecode.c.h; path = "UIView+Extension.h"; sourceTree = "<group>"; };
		3C41E9501BB022BF00050E8E /* UIView+Extension.m */ = {isa = PBXFileReference; fileEncoding = 4; lastKnownFileType = sourcecode.c.objc; path = "UIView+Extension.m"; sourceTree = "<group>"; };
/* End PBXFileReference section */

/* Begin PBXFrameworksBuildPhase section */
		3C41E9211BB01DA900050E8E /* Frameworks */ = {
			isa = PBXFrameworksBuildPhase;
			buildActionMask = 2147483647;
			files = (
			);
			runOnlyForDeploymentPostprocessing = 0;
		};
/* End PBXFrameworksBuildPhase section */

/* Begin PBXGroup section */
		3C41E91B1BB01DA900050E8E = {
			isa = PBXGroup;
			children = (
				3C41E9261BB01DA900050E8E /* LPScrollView */,
				3C41E9251BB01DA900050E8E /* Products */,
			);
			sourceTree = "<group>";
		};
		3C41E9251BB01DA900050E8E /* Products */ = {
			isa = PBXGroup;
			children = (
				3C41E9241BB01DA900050E8E /* LPScrollView.app */,
			);
			name = Products;
			sourceTree = "<group>";
		};
		3C41E9261BB01DA900050E8E /* LPScrollView */ = {
			isa = PBXGroup;
			children = (
				3C41E94D1BB022BF00050E8E /* NSString+Extension.h */,
				3C41E94E1BB022BF00050E8E /* NSString+Extension.m */,
				3C41E94F1BB022BF00050E8E /* UIView+Extension.h */,
				3C41E9501BB022BF00050E8E /* UIView+Extension.m */,
				3C41E9471BB021FD00050E8E /* LPMenuBtn.h */,
				3C41E9481BB021FD00050E8E /* LPMenuBtn.m */,
				3C41E9491BB021FD00050E8E /* LPMenuView.h */,
				3C41E94A1BB021FD00050E8E /* LPMenuView.m */,
				3C41E9411BB01F9100050E8E /* LPMainViewController.h */,
				3C41E9421BB01F9100050E8E /* LPMainViewController.m */,
				3C41E9441BB01FCC00050E8E /* LPListViewController.h */,
				3C41E9451BB01FCC00050E8E /* LPListViewController.m */,
				3C41E92A1BB01DA900050E8E /* AppDelegate.h */,
				3C41E92B1BB01DA900050E8E /* AppDelegate.m */,
				3C41E9331BB01DA900050E8E /* Assets.xcassets */,
				3C41E9351BB01DA900050E8E /* LaunchScreen.storyboard */,
				3C41E9381BB01DA900050E8E /* Info.plist */,
				3C41E9271BB01DA900050E8E /* Supporting Files */,
			);
			path = LPScrollView;
			sourceTree = "<group>";
		};
		3C41E9271BB01DA900050E8E /* Supporting Files */ = {
			isa = PBXGroup;
			children = (
				3C41E9281BB01DA900050E8E /* main.m */,
			);
			name = "Supporting Files";
			sourceTree = "<group>";
		};
/* End PBXGroup section */

/* Begin PBXNativeTarget section */
		3C41E9231BB01DA900050E8E /* LPScrollView */ = {
			isa = PBXNativeTarget;
			buildConfigurationList = 3C41E93B1BB01DA900050E8E /* Build configuration list for PBXNativeTarget "LPScrollView" */;
			buildPhases = (
				3C41E9201BB01DA900050E8E /* Sources */,
				3C41E9211BB01DA900050E8E /* Frameworks */,
				3C41E9221BB01DA900050E8E /* Resources */,
			);
			buildRules = (
			);
			dependencies = (
			);
			name = LPScrollView;
			productName = LPScrollView;
			productReference = 3C41E9241BB01DA900050E8E /* LPScrollView.app */;
			productType = "com.apple.product-type.application";
		};
/* End PBXNativeTarget section */

/* Begin PBXProject section */
		3C41E91C1BB01DA900050E8E /* Project object */ = {
			isa = PBXProject;
			attributes = {
				CLASSPREFIX = LP;
				LastUpgradeCheck = 0700;
				ORGANIZATIONNAME = "litt1e-p";
				TargetAttributes = {
					3C41E9231BB01DA900050E8E = {
						CreatedOnToolsVersion = 7.0;
					};
				};
			};
			buildConfigurationList = 3C41E91F1BB01DA900050E8E /* Build configuration list for PBXProject "LPScrollView" */;
			compatibilityVersion = "Xcode 3.2";
			developmentRegion = English;
			hasScannedForEncodings = 0;
			knownRegions = (
				en,
				Base,
			);
			mainGroup = 3C41E91B1BB01DA900050E8E;
			productRefGroup = 3C41E9251BB01DA900050E8E /* Products */;
			projectDirPath = "";
			projectRoot = "";
			targets = (
				3C41E9231BB01DA900050E8E /* LPScrollView */,
			);
		};
/* End PBXProject section */

/* Begin PBXResourcesBuildPhase section */
		3C41E9221BB01DA900050E8E /* Resources */ = {
			isa = PBXResourcesBuildPhase;
			buildActionMask = 2147483647;
			files = (
				3C41E9371BB01DA900050E8E /* LaunchScreen.storyboard in Resources */,
				3C41E9341BB01DA900050E8E /* Assets.xcassets in Resources */,
			);
			runOnlyForDeploymentPostprocessing = 0;
		};
/* End PBXResourcesBuildPhase section */

/* Begin PBXSourcesBuildPhase section */
		3C41E9201BB01DA900050E8E /* Sources */ = {
			isa = PBXSourcesBuildPhase;
			buildActionMask = 2147483647;
			files = (
				3C41E9521BB022BF00050E8E /* UIView+Extension.m in Sources */,
				3C41E94B1BB021FD00050E8E /* LPMenuBtn.m in Sources */,
				3C41E9431BB01F9100050E8E /* LPMainViewController.m in Sources */,
				3C41E9461BB01FCC00050E8E /* LPListViewController.m in Sources */,
				3C41E92C1BB01DA900050E8E /* AppDelegate.m in Sources */,
				3C41E9291BB01DA900050E8E /* main.m in Sources */,
				3C41E94C1BB021FD00050E8E /* LPMenuView.m in Sources */,
				3C41E9511BB022BF00050E8E /* NSString+Extension.m in Sources */,
			);
			runOnlyForDeploymentPostprocessing = 0;
		};
/* End PBXSourcesBuildPhase section */

/* Begin PBXVariantGroup section */
		3C41E9351BB01DA900050E8E /* LaunchScreen.storyboard */ = {
			isa = PBXVariantGroup;
			children = (
				3C41E9361BB01DA900050E8E /* Base */,
			);
			name = LaunchScreen.storyboard;
			sourceTree = "<group>";
		};
/* End PBXVariantGroup section */

/* Begin XCBuildConfiguration section */
		3C41E9391BB01DA900050E8E /* Debug */ = {
			isa = XCBuildConfiguration;
			buildSettings = {
				ALWAYS_SEARCH_USER_PATHS = NO;
				CLANG_CXX_LANGUAGE_STANDARD = "gnu++0x";
				CLANG_CXX_LIBRARY = "libc++";
				CLANG_ENABLE_MODULES = YES;
				CLANG_ENABLE_OBJC_ARC = YES;
				CLANG_WARN_BOOL_CONVERSION = YES;
				CLANG_WARN_CONSTANT_CONVERSION = YES;
				CLANG_WARN_DIRECT_OBJC_ISA_USAGE = YES_ERROR;
				CLANG_WARN_EMPTY_BODY = YES;
				CLANG_WARN_ENUM_CONVERSION = YES;
				CLANG_WARN_INT_CONVERSION = YES;
				CLANG_WARN_OBJC_ROOT_CLASS = YES_ERROR;
				CLANG_WARN_UNREACHABLE_CODE = YES;
				CLANG_WARN__DUPLICATE_METHOD_MATCH = YES;
				"CODE_SIGN_IDENTITY[sdk=iphoneos*]" = "iPhone Developer";
				COPY_PHASE_STRIP = NO;
				DEBUG_INFORMATION_FORMAT = dwarf;
				ENABLE_STRICT_OBJC_MSGSEND = YES;
				ENABLE_TESTABILITY = YES;
				GCC_C_LANGUAGE_STANDARD = gnu99;
				GCC_DYNAMIC_NO_PIC = NO;
				GCC_NO_COMMON_BLOCKS = YES;
				GCC_OPTIMIZATION_LEVEL = 0;
				GCC_PREPROCESSOR_DEFINITIONS = (
					"DEBUG=1",
					"$(inherited)",
				);
				GCC_WARN_64_TO_32_BIT_CONVERSION = YES;
				GCC_WARN_ABOUT_RETURN_TYPE = YES_ERROR;
				GCC_WARN_UNDECLARED_SELECTOR = YES;
				GCC_WARN_UNINITIALIZED_AUTOS = YES_AGGRESSIVE;
				GCC_WARN_UNUSED_FUNCTION = YES;
				GCC_WARN_UNUSED_VARIABLE = YES;
				IPHONEOS_DEPLOYMENT_TARGET = 9.0;
				MTL_ENABLE_DEBUG_INFO = YES;
				ONLY_ACTIVE_ARCH = YES;
				SDKROOT = iphoneos;
			};
			name = Debug;
		};
		3C41E93A1BB01DA900050E8E /* Release */ = {
			isa = XCBuildConfiguration;
			buildSettings = {
				ALWAYS_SEARCH_USER_PATHS = NO;
				CLANG_CXX_LANGUAGE_STANDARD = "gnu++0x";
				CLANG_CXX_LIBRARY = "libc++";
				CLANG_ENABLE_MODULES = YES;
				CLANG_ENABLE_OBJC_ARC = YES;
				CLANG_WARN_BOOL_CONVERSION = YES;
				CLANG_WARN_CONSTANT_CONVERSION = YES;
				CLANG_WARN_DIRECT_OBJC_ISA_USAGE = YES_ERROR;
				CLANG_WARN_EMPTY_BODY = YES;
				CLANG_WARN_ENUM_CONVERSION = YES;
				CLANG_WARN_INT_CONVERSION = YES;
				CLANG_WARN_OBJC_ROOT_CLASS = YES_ERROR;
				CLANG_WARN_UNREACHABLE_CODE = YES;
				CLANG_WARN__DUPLICATE_METHOD_MATCH = YES;
				"CODE_SIGN_IDENTITY[sdk=iphoneos*]" = "iPhone Developer";
				COPY_PHASE_STRIP = NO;
				DEBUG_INFORMATION_FORMAT = "dwarf-with-dsym";
				ENABLE_NS_ASSERTIONS = NO;
				ENABLE_STRICT_OBJC_MSGSEND = YES;
				GCC_C_LANGUAGE_STANDARD = gnu99;
				GCC_NO_COMMON_BLOCKS = YES;
				GCC_WARN_64_TO_32_BIT_CONVERSION = YES;
				GCC_WARN_ABOUT_RETURN_TYPE = YES_ERROR;
				GCC_WARN_UNDECLARED_SELECTOR = YES;
				GCC_WARN_UNINITIALIZED_AUTOS = YES_AGGRESSIVE;
				GCC_WARN_UNUSED_FUNCTION = YES;
				GCC_WARN_UNUSED_VARIABLE = YES;
				IPHONEOS_DEPLOYMENT_TARGET = 9.0;
				MTL_ENABLE_DEBUG_INFO = NO;
				SDKROOT = iphoneos;
				VALIDATE_PRODUCT = YES;
			};
			name = Release;
		};
		3C41E93C1BB01DA900050E8E /* Debug */ = {
			isa = XCBuildConfiguration;
			buildSettings = {
				ASSETCATALOG_COMPILER_APPICON_NAME = AppIcon;
				INFOPLIST_FILE = LPScrollView/Info.plist;
				IPHONEOS_DEPLOYMENT_TARGET = 7.0;
				LD_RUNPATH_SEARCH_PATHS = "$(inherited) @executable_path/Frameworks";
				PRODUCT_BUNDLE_IDENTIFIER = "dev.litt1e-p.LPScrollView";
				PRODUCT_NAME = "$(TARGET_NAME)";
			};
			name = Debug;
		};
		3C41E93D1BB01DA900050E8E /* Release */ = {
			isa = XCBuildConfiguration;
			buildSettings = {
				ASSETCATALOG_COMPILER_APPICON_NAME = AppIcon;
				INFOPLIST_FILE = LPScrollView/Info.plist;
				IPHONEOS_DEPLOYMENT_TARGET = 7.0;
				LD_RUNPATH_SEARCH_PATHS = "$(inherited) @executable_path/Frameworks";
				PRODUCT_BUNDLE_IDENTIFIER = "dev.litt1e-p.LPScrollView";
				PRODUCT_NAME = "$(TARGET_NAME)";
			};
			name = Release;
		};
/* End XCBuildConfiguration section */

/* Begin XCConfigurationList section */
		3C41E91F1BB01DA900050E8E /* Build configuration list for PBXProject "LPScrollView" */ = {
			isa = XCConfigurationList;
			buildConfigurations = (
				3C41E9391BB01DA900050E8E /* Debug */,
				3C41E93A1BB01DA900050E8E /* Release */,
			);
			defaultConfigurationIsVisible = 0;
			defaultConfigurationName = Release;
		};
		3C41E93B1BB01DA900050E8E /* Build configuration list for PBXNativeTarget "LPScrollView" */ = {
			isa = XCConfigurationList;
			buildConfigurations = (
				3C41E93C1BB01DA900050E8E /* Debug */,
				3C41E93D1BB01DA900050E8E /* Release */,
			);
			defaultConfigurationIsVisible = 0;
			defaultConfigurationName = Release;
		};
/* End XCConfigurationList section */
	};
	rootObject = 3C41E91C1BB01DA900050E8E /* Project object */;
}
